// !$*UTF8*$!
{
	archiveVersion = 1;
	classes = {
	};
	objectVersion = 56;
	objects = {

/* Begin PBXBuildFile section */
		C5E541612CD16EE50001393A /* AppDelegate.swift in Sources */ = {isa = PBXBuildFile; fileRef = C5E541602CD16EE50001393A /* AppDelegate.swift */; };
		C5E541632CD16EE50001393A /* SceneDelegate.swift in Sources */ = {isa = PBXBuildFile; fileRef = C5E541622CD16EE50001393A /* SceneDelegate.swift */; };
		C5E5416A2CD16EE60001393A /* Assets.xcassets in Resources */ = {isa = PBXBuildFile; fileRef = C5E541692CD16EE60001393A /* Assets.xcassets */; };
		C5E5416D2CD16EE60001393A /* LaunchScreen.storyboard in Resources */ = {isa = PBXBuildFile; fileRef = C5E5416B2CD16EE60001393A /* LaunchScreen.storyboard */; };
		C5E541762CD170750001393A /* View.swift in Sources */ = {isa = PBXBuildFile; fileRef = C5E541752CD170750001393A /* View.swift */; };
		C5E541782CD170AD0001393A /* Interactor.swift in Sources */ = {isa = PBXBuildFile; fileRef = C5E541772CD170AD0001393A /* Interactor.swift */; };
		C5E5417A2CD170BE0001393A /* Presenter.swift in Sources */ = {isa = PBXBuildFile; fileRef = C5E541792CD170BE0001393A /* Presenter.swift */; };
		C5E5417C2CD170CE0001393A /* Entity.swift in Sources */ = {isa = PBXBuildFile; fileRef = C5E5417B2CD170CE0001393A /* Entity.swift */; };
		C5E5417E2CD170DA0001393A /* Router.swift in Sources */ = {isa = PBXBuildFile; fileRef = C5E5417D2CD170DA0001393A /* Router.swift */; };
/* End PBXBuildFile section */

/* Begin PBXFileReference section */
		C5E5415D2CD16EE50001393A /* simple-viper-app.app */ = {isa = PBXFileReference; explicitFileType = wrapper.application; includeInIndex = 0; path = "simple-viper-app.app"; sourceTree = BUILT_PRODUCTS_DIR; };
		C5E541602CD16EE50001393A /* AppDelegate.swift */ = {isa = PBXFileReference; lastKnownFileType = sourcecode.swift; path = AppDelegate.swift; sourceTree = "<group>"; };
		C5E541622CD16EE50001393A /* SceneDelegate.swift */ = {isa = PBXFileReference; lastKnownFileType = sourcecode.swift; path = SceneDelegate.swift; sourceTree = "<group>"; };
		C5E541692CD16EE60001393A /* Assets.xcassets */ = {isa = PBXFileReference; lastKnownFileType = folder.assetcatalog; path = Assets.xcassets; sourceTree = "<group>"; };
		C5E5416C2CD16EE60001393A /* Base */ = {isa = PBXFileReference; lastKnownFileType = file.storyboard; name = Base; path = Base.lproj/LaunchScreen.storyboard; sourceTree = "<group>"; };
		C5E5416E2CD16EE60001393A /* Info.plist */ = {isa = PBXFileReference; lastKnownFileType = text.plist.xml; path = Info.plist; sourceTree = "<group>"; };
		C5E541752CD170750001393A /* View.swift */ = {isa = PBXFileReference; lastKnownFileType = sourcecode.swift; path = View.swift; sourceTree = "<group>"; };
		C5E541772CD170AD0001393A /* Interactor.swift */ = {isa = PBXFileReference; lastKnownFileType = sourcecode.swift; path = Interactor.swift; sourceTree = "<group>"; };
		C5E541792CD170BE0001393A /* Presenter.swift */ = {isa = PBXFileReference; lastKnownFileType = sourcecode.swift; path = Presenter.swift; sourceTree = "<group>"; };
		C5E5417B2CD170CE0001393A /* Entity.swift */ = {isa = PBXFileReference; lastKnownFileType = sourcecode.swift; path = Entity.swift; sourceTree = "<group>"; };
		C5E5417D2CD170DA0001393A /* Router.swift */ = {isa = PBXFileReference; lastKnownFileType = sourcecode.swift; path = Router.swift; sourceTree = "<group>"; };
/* End PBXFileReference section */

/* Begin PBXFrameworksBuildPhase section */
		C5E5415A2CD16EE50001393A /* Frameworks */ = {
			isa = PBXFrameworksBuildPhase;
			buildActionMask = 2147483647;
			files = (
			);
			runOnlyForDeploymentPostprocessing = 0;
		};
/* End PBXFrameworksBuildPhase section */

/* Begin PBXGroup section */
		C5E541542CD16EE50001393A = {
			isa = PBXGroup;
			children = (
				C5E5415F2CD16EE50001393A /* simple-viper-app */,
				C5E5415E2CD16EE50001393A /* Products */,
			);
			sourceTree = "<group>";
		};
		C5E5415E2CD16EE50001393A /* Products */ = {
			isa = PBXGroup;
			children = (
				C5E5415D2CD16EE50001393A /* simple-viper-app.app */,
			);
			name = Products;
			sourceTree = "<group>";
		};
		C5E5415F2CD16EE50001393A /* simple-viper-app */ = {
			isa = PBXGroup;
			children = (
				C5E541742CD170520001393A /* VIPER */,
				C5E541602CD16EE50001393A /* AppDelegate.swift */,
				C5E541622CD16EE50001393A /* SceneDelegate.swift */,
				C5E541692CD16EE60001393A /* Assets.xcassets */,
				C5E5416B2CD16EE60001393A /* LaunchScreen.storyboard */,
				C5E5416E2CD16EE60001393A /* Info.plist */,
			);
			path = "simple-viper-app";
			sourceTree = "<group>";
		};
		C5E541742CD170520001393A /* VIPER */ = {
			isa = PBXGroup;
			children = (
				C5E541752CD170750001393A /* View.swift */,
				C5E541772CD170AD0001393A /* Interactor.swift */,
				C5E541792CD170BE0001393A /* Presenter.swift */,
				C5E5417B2CD170CE0001393A /* Entity.swift */,
				C5E5417D2CD170DA0001393A /* Router.swift */,
			);
			path = VIPER;
			sourceTree = "<group>";
		};
/* End PBXGroup section */

/* Begin PBXNativeTarget section */
		C5E5415C2CD16EE50001393A /* simple-viper-app */ = {
			isa = PBXNativeTarget;
			buildConfigurationList = C5E541712CD16EE60001393A /* Build configuration list for PBXNativeTarget "simple-viper-app" */;
			buildPhases = (
				C5E541592CD16EE50001393A /* Sources */,
				C5E5415A2CD16EE50001393A /* Frameworks */,
				C5E5415B2CD16EE50001393A /* Resources */,
			);
			buildRules = (
			);
			dependencies = (
			);
			name = "simple-viper-app";
			productName = "simple-viper-app";
			productReference = C5E5415D2CD16EE50001393A /* simple-viper-app.app */;
			productType = "com.apple.product-type.application";
		};
/* End PBXNativeTarget section */

/* Begin PBXProject section */
		C5E541552CD16EE50001393A /* Project object */ = {
			isa = PBXProject;
			attributes = {
				BuildIndependentTargetsInParallel = 1;
				LastSwiftUpdateCheck = 1420;
				LastUpgradeCheck = 1420;
				TargetAttributes = {
					C5E5415C2CD16EE50001393A = {
						CreatedOnToolsVersion = 14.2;
					};
				};
			};
			buildConfigurationList = C5E541582CD16EE50001393A /* Build configuration list for PBXProject "simple-viper-app" */;
			compatibilityVersion = "Xcode 14.0";
			developmentRegion = en;
			hasScannedForEncodings = 0;
			knownRegions = (
				en,
				Base,
			);
			mainGroup = C5E541542CD16EE50001393A;
			productRefGroup = C5E5415E2CD16EE50001393A /* Products */;
			projectDirPath = "";
			projectRoot = "";
			targets = (
				C5E5415C2CD16EE50001393A /* simple-viper-app */,
			);
		};
/* End PBXProject section */

/* Begin PBXResourcesBuildPhase section */
		C5E5415B2CD16EE50001393A /* Resources */ = {
			isa = PBXResourcesBuildPhase;
			buildActionMask = 2147483647;
			files = (
				C5E5416D2CD16EE60001393A /* LaunchScreen.storyboard in Resources */,
				C5E5416A2CD16EE60001393A /* Assets.xcassets in Resources */,
			);
			runOnlyForDeploymentPostprocessing = 0;
		};
/* End PBXResourcesBuildPhase section */

/* Begin PBXSourcesBuildPhase section */
		C5E541592CD16EE50001393A /* Sources */ = {
			isa = PBXSourcesBuildPhase;
			buildActionMask = 2147483647;
			files = (
				C5E5417E2CD170DA0001393A /* Router.swift in Sources */,
				C5E5417A2CD170BE0001393A /* Presenter.swift in Sources */,
				C5E541762CD170750001393A /* View.swift in Sources */,
				C5E5417C2CD170CE0001393A /* Entity.swift in Sources */,
				C5E541782CD170AD0001393A /* Interactor.swift in Sources */,
				C5E541612CD16EE50001393A /* AppDelegate.swift in Sources */,
				C5E541632CD16EE50001393A /* SceneDelegate.swift in Sources */,
			);
			runOnlyForDeploymentPostprocessing = 0;
		};
/* End PBXSourcesBuildPhase section */

/* Begin PBXVariantGroup section */
		C5E5416B2CD16EE60001393A /* LaunchScreen.storyboard */ = {
			isa = PBXVariantGroup;
			children = (
				C5E5416C2CD16EE60001393A /* Base */,
			);
			name = LaunchScreen.storyboard;
			sourceTree = "<group>";
		};
/* End PBXVariantGroup section */

/* Begin XCBuildConfiguration section */
		C5E5416F2CD16EE60001393A /* Debug */ = {
			isa = XCBuildConfiguration;
			buildSettings = {
				ALWAYS_SEARCH_USER_PATHS = NO;
				CLANG_ANALYZER_NONNULL = YES;
				CLANG_ANALYZER_NUMBER_OBJECT_CONVERSION = YES_AGGRESSIVE;
				CLANG_CXX_LANGUAGE_STANDARD = "gnu++20";
				CLANG_ENABLE_MODULES = YES;
				CLANG_ENABLE_OBJC_ARC = YES;
				CLANG_ENABLE_OBJC_WEAK = YES;
				CLANG_WARN_BLOCK_CAPTURE_AUTORELEASING = YES;
				CLANG_WARN_BOOL_CONVERSION = YES;
				CLANG_WARN_COMMA = YES;
				CLANG_WARN_CONSTANT_CONVERSION = YES;
				CLANG_WARN_DEPRECATED_OBJC_IMPLEMENTATIONS = YES;
				CLANG_WARN_DIRECT_OBJC_ISA_USAGE = YES_ERROR;
				CLANG_WARN_DOCUMENTATION_COMMENTS = YES;
				CLANG_WARN_EMPTY_BODY = YES;
				CLANG_WARN_ENUM_CONVERSION = YES;
				CLANG_WARN_INFINITE_RECURSION = YES;
				CLANG_WARN_INT_CONVERSION = YES;
				CLANG_WARN_NON_LITERAL_NULL_CONVERSION = YES;
				CLANG_WARN_OBJC_IMPLICIT_RETAIN_SELF = YES;
				CLANG_WARN_OBJC_LITERAL_CONVERSION = YES;
				CLANG_WARN_OBJC_ROOT_CLASS = YES_ERROR;
				CLANG_WARN_QUOTED_INCLUDE_IN_FRAMEWORK_HEADER = YES;
				CLANG_WARN_RANGE_LOOP_ANALYSIS = YES;
				CLANG_WARN_STRICT_PROTOTYPES = YES;
				CLANG_WARN_SUSPICIOUS_MOVE = YES;
				CLANG_WARN_UNGUARDED_AVAILABILITY = YES_AGGRESSIVE;
				CLANG_WARN_UNREACHABLE_CODE = YES;
				CLANG_WARN__DUPLICATE_METHOD_MATCH = YES;
				COPY_PHASE_STRIP = NO;
				DEBUG_INFORMATION_FORMAT = dwarf;
				ENABLE_STRICT_OBJC_MSGSEND = YES;
				ENABLE_TESTABILITY = YES;
				GCC_C_LANGUAGE_STANDARD = gnu11;
				GCC_DYNAMIC_NO_PIC = NO;
				GCC_NO_COMMON_BLOCKS = YES;
				GCC_OPTIMIZATION_LEVEL = 0;
				GCC_PREPROCESSOR_DEFINITIONS = (
					"DEBUG=1",
					"$(inherited)",
				);
				GCC_WARN_64_TO_32_BIT_CONVERSION = YES;
				GCC_WARN_ABOUT_RETURN_TYPE = YES_ERROR;
				GCC_WARN_UNDECLARED_SELECTOR = YES;
				GCC_WARN_UNINITIALIZED_AUTOS = YES_AGGRESSIVE;
				GCC_WARN_UNUSED_FUNCTION = YES;
				GCC_WARN_UNUSED_VARIABLE = YES;
				IPHONEOS_DEPLOYMENT_TARGET = 16.2;
				MTL_ENABLE_DEBUG_INFO = INCLUDE_SOURCE;
				MTL_FAST_MATH = YES;
				ONLY_ACTIVE_ARCH = YES;
				SDKROOT = iphoneos;
				SWIFT_ACTIVE_COMPILATION_CONDITIONS = DEBUG;
				SWIFT_OPTIMIZATION_LEVEL = "-Onone";
			};
			name = Debug;
		};
		C5E541702CD16EE60001393A /* Release */ = {
			isa = XCBuildConfiguration;
			buildSettings = {
				ALWAYS_SEARCH_USER_PATHS = NO;
				CLANG_ANALYZER_NONNULL = YES;
				CLANG_ANALYZER_NUMBER_OBJECT_CONVERSION = YES_AGGRESSIVE;
				CLANG_CXX_LANGUAGE_STANDARD = "gnu++20";
				CLANG_ENABLE_MODULES = YES;
				CLANG_ENABLE_OBJC_ARC = YES;
				CLANG_ENABLE_OBJC_WEAK = YES;
				CLANG_WARN_BLOCK_CAPTURE_AUTORELEASING = YES;
				CLANG_WARN_BOOL_CONVERSION = YES;
				CLANG_WARN_COMMA = YES;
				CLANG_WARN_CONSTANT_CONVERSION = YES;
				CLANG_WARN_DEPRECATED_OBJC_IMPLEMENTATIONS = YES;
				CLANG_WARN_DIRECT_OBJC_ISA_USAGE = YES_ERROR;
				CLANG_WARN_DOCUMENTATION_COMMENTS = YES;
				CLANG_WARN_EMPTY_BODY = YES;
				CLANG_WARN_ENUM_CONVERSION = YES;
				CLANG_WARN_INFINITE_RECURSION = YES;
				CLANG_WARN_INT_CONVERSION = YES;
				CLANG_WARN_NON_LITERAL_NULL_CONVERSION = YES;
				CLANG_WARN_OBJC_IMPLICIT_RETAIN_SELF = YES;
				CLANG_WARN_OBJC_LITERAL_CONVERSION = YES;
				CLANG_WARN_OBJC_ROOT_CLASS = YES_ERROR;
				CLANG_WARN_QUOTED_INCLUDE_IN_FRAMEWORK_HEADER = YES;
				CLANG_WARN_RANGE_LOOP_ANALYSIS = YES;
				CLANG_WARN_STRICT_PROTOTYPES = YES;
				CLANG_WARN_SUSPICIOUS_MOVE = YES;
				CLANG_WARN_UNGUARDED_AVAILABILITY = YES_AGGRESSIVE;
				CLANG_WARN_UNREACHABLE_CODE = YES;
				CLANG_WARN__DUPLICATE_METHOD_MATCH = YES;
				COPY_PHASE_STRIP = NO;
				DEBUG_INFORMATION_FORMAT = "dwarf-with-dsym";
				ENABLE_NS_ASSERTIONS = NO;
				ENABLE_STRICT_OBJC_MSGSEND = YES;
				GCC_C_LANGUAGE_STANDARD = gnu11;
				GCC_NO_COMMON_BLOCKS = YES;
				GCC_WARN_64_TO_32_BIT_CONVERSION = YES;
				GCC_WARN_ABOUT_RETURN_TYPE = YES_ERROR;
				GCC_WARN_UNDECLARED_SELECTOR = YES;
				GCC_WARN_UNINITIALIZED_AUTOS = YES_AGGRESSIVE;
				GCC_WARN_UNUSED_FUNCTION = YES;
				GCC_WARN_UNUSED_VARIABLE = YES;
				IPHONEOS_DEPLOYMENT_TARGET = 16.2;
				MTL_ENABLE_DEBUG_INFO = NO;
				MTL_FAST_MATH = YES;
				SDKROOT = iphoneos;
				SWIFT_COMPILATION_MODE = wholemodule;
				SWIFT_OPTIMIZATION_LEVEL = "-O";
				VALIDATE_PRODUCT = YES;
			};
			name = Release;
		};
		C5E541722CD16EE60001393A /* Debug */ = {
			isa = XCBuildConfiguration;
			buildSettings = {
				ASSETCATALOG_COMPILER_APPICON_NAME = AppIcon;
				ASSETCATALOG_COMPILER_GLOBAL_ACCENT_COLOR_NAME = AccentColor;
				CODE_SIGN_STYLE = Automatic;
				CURRENT_PROJECT_VERSION = 1;
				DEVELOPMENT_TEAM = 5CDGW4297F;
				GENERATE_INFOPLIST_FILE = YES;
				INFOPLIST_FILE = "simple-viper-app/Info.plist";
				INFOPLIST_KEY_UIApplicationSupportsIndirectInputEvents = YES;
				INFOPLIST_KEY_UILaunchStoryboardName = LaunchScreen;
				INFOPLIST_KEY_UISupportedInterfaceOrientations_iPad = "UIInterfaceOrientationPortrait UIInterfaceOrientationPortraitUpsideDown UIInterfaceOrientationLandscapeLeft UIInterfaceOrientationLandscapeRight";
				INFOPLIST_KEY_UISupportedInterfaceOrientations_iPhone = "UIInterfaceOrientationPortrait UIInterfaceOrientationLandscapeLeft UIInterfaceOrientationLandscapeRight";
				LD_RUNPATH_SEARCH_PATHS = (
					"$(inherited)",
					"@executable_path/Frameworks",
				);
				MARKETING_VERSION = 1.0;
				PRODUCT_BUNDLE_IDENTIFIER = "com.matthewdolan.simple-viper-app";
				PRODUCT_NAME = "$(TARGET_NAME)";
				SWIFT_EMIT_LOC_STRINGS = YES;
				SWIFT_VERSION = 5.0;
				TARGETED_DEVICE_FAMILY = "1,2";
			};
			name = Debug;
		};
		C5E541732CD16EE60001393A /* Release */ = {
			isa = XCBuildConfiguration;
			buildSettings = {
				ASSETCATALOG_COMPILER_APPICON_NAME = AppIcon;
				ASSETCATALOG_COMPILER_GLOBAL_ACCENT_COLOR_NAME = AccentColor;
				CODE_SIGN_STYLE = Automatic;
				CURRENT_PROJECT_VERSION = 1;
				DEVELOPMENT_TEAM = 5CDGW4297F;
				GENERATE_INFOPLIST_FILE = YES;
				INFOPLIST_FILE = "simple-viper-app/Info.plist";
				INFOPLIST_KEY_UIApplicationSupportsIndirectInputEvents = YES;
				INFOPLIST_KEY_UILaunchStoryboardName = LaunchScreen;
				INFOPLIST_KEY_UISupportedInterfaceOrientations_iPad = "UIInterfaceOrientationPortrait UIInterfaceOrientationPortraitUpsideDown UIInterfaceOrientationLandscapeLeft UIInterfaceOrientationLandscapeRight";
				INFOPLIST_KEY_UISupportedInterfaceOrientations_iPhone = "UIInterfaceOrientationPortrait UIInterfaceOrientationLandscapeLeft UIInterfaceOrientationLandscapeRight";
				LD_RUNPATH_SEARCH_PATHS = (
					"$(inherited)",
					"@executable_path/Frameworks",
				);
				MARKETING_VERSION = 1.0;
				PRODUCT_BUNDLE_IDENTIFIER = "com.matthewdolan.simple-viper-app";
				PRODUCT_NAME = "$(TARGET_NAME)";
				SWIFT_EMIT_LOC_STRINGS = YES;
				SWIFT_VERSION = 5.0;
				TARGETED_DEVICE_FAMILY = "1,2";
			};
			name = Release;
		};
/* End XCBuildConfiguration section */

/* Begin XCConfigurationList section */
		C5E541582CD16EE50001393A /* Build configuration list for PBXProject "simple-viper-app" */ = {
			isa = XCConfigurationList;
			buildConfigurations = (
				C5E5416F2CD16EE60001393A /* Debug */,
				C5E541702CD16EE60001393A /* Release */,
			);
			defaultConfigurationIsVisible = 0;
			defaultConfigurationName = Release;
		};
		C5E541712CD16EE60001393A /* Build configuration list for PBXNativeTarget "simple-viper-app" */ = {
			isa = XCConfigurationList;
			buildConfigurations = (
				C5E541722CD16EE60001393A /* Debug */,
				C5E541732CD16EE60001393A /* Release */,
			);
			defaultConfigurationIsVisible = 0;
			defaultConfigurationName = Release;
		};
/* End XCConfigurationList section */
	};
	rootObject = C5E541552CD16EE50001393A /* Project object */;
}
